{
  "name": "mdxpress-blog",
  "version": "1.0.0",
  "lockfileVersion": 3,
  "requires": true,
  "packages": {
    "": {
      "name": "mdxpress-blog",
      "version": "1.0.0",
      "license": "ISC",
      "dependencies": {
        "marked": "^15.0.9"
      }
    },
    "node_modules/marked": {
      "version": "15.0.9",
      "resolved": "https://registry.npmjs.org/marked/-/marked-15.0.9.tgz",
      "integrity": "sha512-9AW/bn9DxQeZVjR52l5jsc0W2pwuhP04QaQewPvylil12Cfr2GBfWmgp6mu8i9Jy8UlBjqDZ9uMTDuJ8QOGZJA==",
      "license": "MIT",
      "bin": {
        "marked": "bin/marked.js"
      },
      "engines": {
        "node": ">= 18"
      }
    }
  }
}
